// !$*UTF8*$!
{
	archiveVersion = 1;
	classes = {
	};
	objectVersion = 46;
	objects = {

/* Begin PBXBuildFile section */
		3F6C310E1B9CBAAE00892436 /* AppDelegate.swift in Sources */ = {isa = PBXBuildFile; fileRef = 3F6C310D1B9CBAAE00892436 /* AppDelegate.swift */; };
		3F6C31101B9CBAAE00892436 /* ViewController.swift in Sources */ = {isa = PBXBuildFile; fileRef = 3F6C310F1B9CBAAE00892436 /* ViewController.swift */; };
		3F6C31131B9CBAAE00892436 /* Main.storyboard in Resources */ = {isa = PBXBuildFile; fileRef = 3F6C31111B9CBAAE00892436 /* Main.storyboard */; };
		3F6C31151B9CBAAE00892436 /* Assets.xcassets in Resources */ = {isa = PBXBuildFile; fileRef = 3F6C31141B9CBAAE00892436 /* Assets.xcassets */; };
		3F6C31181B9CBAAE00892436 /* LaunchScreen.storyboard in Resources */ = {isa = PBXBuildFile; fileRef = 3F6C31161B9CBAAE00892436 /* LaunchScreen.storyboard */; };
		3F6C31231B9CBAAF00892436 /* RedBlueTests.swift in Sources */ = {isa = PBXBuildFile; fileRef = 3F6C31221B9CBAAF00892436 /* RedBlueTests.swift */; };
		3F6C312E1B9CBAAF00892436 /* RedBlueUITests.swift in Sources */ = {isa = PBXBuildFile; fileRef = 3F6C312D1B9CBAAF00892436 /* RedBlueUITests.swift */; };
/* End PBXBuildFile section */

/* Begin PBXContainerItemProxy section */
		3F6C311F1B9CBAAF00892436 /* PBXContainerItemProxy */ = {
			isa = PBXContainerItemProxy;
			containerPortal = 3F6C31021B9CBAAE00892436 /* Project object */;
			proxyType = 1;
			remoteGlobalIDString = 3F6C31091B9CBAAE00892436;
			remoteInfo = RedBlue;
		};
		3F6C312A1B9CBAAF00892436 /* PBXContainerItemProxy */ = {
			isa = PBXContainerItemProxy;
			containerPortal = 3F6C31021B9CBAAE00892436 /* Project object */;
			proxyType = 1;
			remoteGlobalIDString = 3F6C31091B9CBAAE00892436;
			remoteInfo = RedBlue;
		};
/* End PBXContainerItemProxy section */

/* Begin PBXFileReference section */
		3F6C310A1B9CBAAE00892436 /* RedBlue.app */ = {isa = PBXFileReference; explicitFileType = wrapper.application; includeInIndex = 0; path = RedBlue.app; sourceTree = BUILT_PRODUCTS_DIR; };
		3F6C310D1B9CBAAE00892436 /* AppDelegate.swift */ = {isa = PBXFileReference; lastKnownFileType = sourcecode.swift; path = AppDelegate.swift; sourceTree = "<group>"; };
		3F6C310F1B9CBAAE00892436 /* ViewController.swift */ = {isa = PBXFileReference; lastKnownFileType = sourcecode.swift; path = ViewController.swift; sourceTree = "<group>"; };
		3F6C31121B9CBAAE00892436 /* Base */ = {isa = PBXFileReference; lastKnownFileType = file.storyboard; name = Base; path = Base.lproj/Main.storyboard; sourceTree = "<group>"; };
		3F6C31141B9CBAAE00892436 /* Assets.xcassets */ = {isa = PBXFileReference; lastKnownFileType = folder.assetcatalog; path = Assets.xcassets; sourceTree = "<group>"; };
		3F6C31171B9CBAAE00892436 /* Base */ = {isa = PBXFileReference; lastKnownFileType = file.storyboard; name = Base; path = Base.lproj/LaunchScreen.storyboard; sourceTree = "<group>"; };
		3F6C31191B9CBAAE00892436 /* Info.plist */ = {isa = PBXFileReference; lastKnownFileType = text.plist.xml; path = Info.plist; sourceTree = "<group>"; };
		3F6C311E1B9CBAAF00892436 /* RedBlueTests.xctest */ = {isa = PBXFileReference; explicitFileType = wrapper.cfbundle; includeInIndex = 0; path = RedBlueTests.xctest; sourceTree = BUILT_PRODUCTS_DIR; };
		3F6C31221B9CBAAF00892436 /* RedBlueTests.swift */ = {isa = PBXFileReference; lastKnownFileType = sourcecode.swift; path = RedBlueTests.swift; sourceTree = "<group>"; };
		3F6C31241B9CBAAF00892436 /* Info.plist */ = {isa = PBXFileReference; lastKnownFileType = text.plist.xml; path = Info.plist; sourceTree = "<group>"; };
		3F6C31291B9CBAAF00892436 /* RedBlueUITests.xctest */ = {isa = PBXFileReference; explicitFileType = wrapper.cfbundle; includeInIndex = 0; path = RedBlueUITests.xctest; sourceTree = BUILT_PRODUCTS_DIR; };
		3F6C312D1B9CBAAF00892436 /* RedBlueUITests.swift */ = {isa = PBXFileReference; lastKnownFileType = sourcecode.swift; path = RedBlueUITests.swift; sourceTree = "<group>"; };
		3F6C312F1B9CBAAF00892436 /* Info.plist */ = {isa = PBXFileReference; lastKnownFileType = text.plist.xml; path = Info.plist; sourceTree = "<group>"; };
/* End PBXFileReference section */

/* Begin PBXFrameworksBuildPhase section */
		3F6C31071B9CBAAE00892436 /* Frameworks */ = {
			isa = PBXFrameworksBuildPhase;
			buildActionMask = 2147483647;
			files = (
			);
			runOnlyForDeploymentPostprocessing = 0;
		};
		3F6C311B1B9CBAAF00892436 /* Frameworks */ = {
			isa = PBXFrameworksBuildPhase;
			buildActionMask = 2147483647;
			files = (
			);
			runOnlyForDeploymentPostprocessing = 0;
		};
		3F6C31261B9CBAAF00892436 /* Frameworks */ = {
			isa = PBXFrameworksBuildPhase;
			buildActionMask = 2147483647;
			files = (
			);
			runOnlyForDeploymentPostprocessing = 0;
		};
/* End PBXFrameworksBuildPhase section */

/* Begin PBXGroup section */
		3F6C31011B9CBAAE00892436 = {
			isa = PBXGroup;
			children = (
				3F6C310C1B9CBAAE00892436 /* RedBlue */,
				3F6C31211B9CBAAF00892436 /* RedBlueTests */,
				3F6C312C1B9CBAAF00892436 /* RedBlueUITests */,
				3F6C310B1B9CBAAE00892436 /* Products */,
			);
			sourceTree = "<group>";
		};
		3F6C310B1B9CBAAE00892436 /* Products */ = {
			isa = PBXGroup;
			children = (
				3F6C310A1B9CBAAE00892436 /* RedBlue.app */,
				3F6C311E1B9CBAAF00892436 /* RedBlueTests.xctest */,
				3F6C31291B9CBAAF00892436 /* RedBlueUITests.xctest */,
			);
			name = Products;
			sourceTree = "<group>";
		};
		3F6C310C1B9CBAAE00892436 /* RedBlue */ = {
			isa = PBXGroup;
			children = (
				3F6C310D1B9CBAAE00892436 /* AppDelegate.swift */,
				3F6C310F1B9CBAAE00892436 /* ViewController.swift */,
				3F6C31111B9CBAAE00892436 /* Main.storyboard */,
				3F6C31141B9CBAAE00892436 /* Assets.xcassets */,
				3F6C31161B9CBAAE00892436 /* LaunchScreen.storyboard */,
				3F6C31191B9CBAAE00892436 /* Info.plist */,
			);
			path = RedBlue;
			sourceTree = "<group>";
		};
		3F6C31211B9CBAAF00892436 /* RedBlueTests */ = {
			isa = PBXGroup;
			children = (
				3F6C31221B9CBAAF00892436 /* RedBlueTests.swift */,
				3F6C31241B9CBAAF00892436 /* Info.plist */,
			);
			path = RedBlueTests;
			sourceTree = "<group>";
		};
		3F6C312C1B9CBAAF00892436 /* RedBlueUITests */ = {
			isa = PBXGroup;
			children = (
				3F6C312D1B9CBAAF00892436 /* RedBlueUITests.swift */,
				3F6C312F1B9CBAAF00892436 /* Info.plist */,
			);
			path = RedBlueUITests;
			sourceTree = "<group>";
		};
/* End PBXGroup section */

/* Begin PBXNativeTarget section */
		3F6C31091B9CBAAE00892436 /* RedBlue */ = {
			isa = PBXNativeTarget;
			buildConfigurationList = 3F6C31321B9CBAAF00892436 /* Build configuration list for PBXNativeTarget "RedBlue" */;
			buildPhases = (
				3F6C31061B9CBAAE00892436 /* Sources */,
				3F6C31071B9CBAAE00892436 /* Frameworks */,
				3F6C31081B9CBAAE00892436 /* Resources */,
			);
			buildRules = (
			);
			dependencies = (
			);
			name = RedBlue;
			productName = RedBlue;
			productReference = 3F6C310A1B9CBAAE00892436 /* RedBlue.app */;
			productType = "com.apple.product-type.application";
		};
		3F6C311D1B9CBAAF00892436 /* RedBlueTests */ = {
			isa = PBXNativeTarget;
			buildConfigurationList = 3F6C31351B9CBAAF00892436 /* Build configuration list for PBXNativeTarget "RedBlueTests" */;
			buildPhases = (
				3F6C311A1B9CBAAF00892436 /* Sources */,
				3F6C311B1B9CBAAF00892436 /* Frameworks */,
				3F6C311C1B9CBAAF00892436 /* Resources */,
			);
			buildRules = (
			);
			dependencies = (
				3F6C31201B9CBAAF00892436 /* PBXTargetDependency */,
			);
			name = RedBlueTests;
			productName = RedBlueTests;
			productReference = 3F6C311E1B9CBAAF00892436 /* RedBlueTests.xctest */;
			productType = "com.apple.product-type.bundle.unit-test";
		};
		3F6C31281B9CBAAF00892436 /* RedBlueUITests */ = {
			isa = PBXNativeTarget;
			buildConfigurationList = 3F6C31381B9CBAAF00892436 /* Build configuration list for PBXNativeTarget "RedBlueUITests" */;
			buildPhases = (
				3F6C31251B9CBAAF00892436 /* Sources */,
				3F6C31261B9CBAAF00892436 /* Frameworks */,
				3F6C31271B9CBAAF00892436 /* Resources */,
			);
			buildRules = (
			);
			dependencies = (
				3F6C312B1B9CBAAF00892436 /* PBXTargetDependency */,
			);
			name = RedBlueUITests;
			productName = RedBlueUITests;
			productReference = 3F6C31291B9CBAAF00892436 /* RedBlueUITests.xctest */;
			productType = "com.apple.product-type.bundle.ui-testing";
		};
/* End PBXNativeTarget section */

/* Begin PBXProject section */
		3F6C31021B9CBAAE00892436 /* Project object */ = {
			isa = PBXProject;
			attributes = {
				LastUpgradeCheck = 0700;
				ORGANIZATIONNAME = "Jeremy Dawson";
				TargetAttributes = {
					3F6C31091B9CBAAE00892436 = {
						CreatedOnToolsVersion = 7.0;
					};
					3F6C311D1B9CBAAF00892436 = {
						CreatedOnToolsVersion = 7.0;
						TestTargetID = 3F6C31091B9CBAAE00892436;
					};
					3F6C31281B9CBAAF00892436 = {
						CreatedOnToolsVersion = 7.0;
						TestTargetID = 3F6C31091B9CBAAE00892436;
					};
				};
			};
			buildConfigurationList = 3F6C31051B9CBAAE00892436 /* Build configuration list for PBXProject "RedBlue" */;
			compatibilityVersion = "Xcode 3.2";
			developmentRegion = English;
			hasScannedForEncodings = 0;
			knownRegions = (
				en,
				Base,
			);
			mainGroup = 3F6C31011B9CBAAE00892436;
			productRefGroup = 3F6C310B1B9CBAAE00892436 /* Products */;
			projectDirPath = "";
			projectRoot = "";
			targets = (
				3F6C31091B9CBAAE00892436 /* RedBlue */,
				3F6C311D1B9CBAAF00892436 /* RedBlueTests */,
				3F6C31281B9CBAAF00892436 /* RedBlueUITests */,
			);
		};
/* End PBXProject section */

/* Begin PBXResourcesBuildPhase section */
		3F6C31081B9CBAAE00892436 /* Resources */ = {
			isa = PBXResourcesBuildPhase;
			buildActionMask = 2147483647;
			files = (
				3F6C31181B9CBAAE00892436 /* LaunchScreen.storyboard in Resources */,
				3F6C31151B9CBAAE00892436 /* Assets.xcassets in Resources */,
				3F6C31131B9CBAAE00892436 /* Main.storyboard in Resources */,
			);
			runOnlyForDeploymentPostprocessing = 0;
		};
		3F6C311C1B9CBAAF00892436 /* Resources */ = {
			isa = PBXResourcesBuildPhase;
			buildActionMask = 2147483647;
			files = (
			);
			runOnlyForDeploymentPostprocessing = 0;
		};
		3F6C31271B9CBAAF00892436 /* Resources */ = {
			isa = PBXResourcesBuildPhase;
			buildActionMask = 2147483647;
			files = (
			);
			runOnlyForDeploymentPostprocessing = 0;
		};
/* End PBXResourcesBuildPhase section */

/* Begin PBXSourcesBuildPhase section */
		3F6C31061B9CBAAE00892436 /* Sources */ = {
			isa = PBXSourcesBuildPhase;
			buildActionMask = 2147483647;
			files = (
				3F6C31101B9CBAAE00892436 /* ViewController.swift in Sources */,
				3F6C310E1B9CBAAE00892436 /* AppDelegate.swift in Sources */,
			);
			runOnlyForDeploymentPostprocessing = 0;
		};
		3F6C311A1B9CBAAF00892436 /* Sources */ = {
			isa = PBXSourcesBuildPhase;
			buildActionMask = 2147483647;
			files = (
				3F6C31231B9CBAAF00892436 /* RedBlueTests.swift in Sources */,
			);
			runOnlyForDeploymentPostprocessing = 0;
		};
		3F6C31251B9CBAAF00892436 /* Sources */ = {
			isa = PBXSourcesBuildPhase;
			buildActionMask = 2147483647;
			files = (
				3F6C312E1B9CBAAF00892436 /* RedBlueUITests.swift in Sources */,
			);
			runOnlyForDeploymentPostprocessing = 0;
		};
/* End PBXSourcesBuildPhase section */

/* Begin PBXTargetDependency section */
		3F6C31201B9CBAAF00892436 /* PBXTargetDependency */ = {
			isa = PBXTargetDependency;
			target = 3F6C31091B9CBAAE00892436 /* RedBlue */;
			targetProxy = 3F6C311F1B9CBAAF00892436 /* PBXContainerItemProxy */;
		};
		3F6C312B1B9CBAAF00892436 /* PBXTargetDependency */ = {
			isa = PBXTargetDependency;
			target = 3F6C31091B9CBAAE00892436 /* RedBlue */;
			targetProxy = 3F6C312A1B9CBAAF00892436 /* PBXContainerItemProxy */;
		};
/* End PBXTargetDependency section */

/* Begin PBXVariantGroup section */
		3F6C31111B9CBAAE00892436 /* Main.storyboard */ = {
			isa = PBXVariantGroup;
			children = (
				3F6C31121B9CBAAE00892436 /* Base */,
			);
			name = Main.storyboard;
			sourceTree = "<group>";
		};
		3F6C31161B9CBAAE00892436 /* LaunchScreen.storyboard */ = {
			isa = PBXVariantGroup;
			children = (
				3F6C31171B9CBAAE00892436 /* Base */,
			);
			name = LaunchScreen.storyboard;
			sourceTree = "<group>";
		};
/* End PBXVariantGroup section */

/* Begin XCBuildConfiguration section */
		3F6C31301B9CBAAF00892436 /* Debug */ = {
			isa = XCBuildConfiguration;
			buildSettings = {
				ALWAYS_SEARCH_USER_PATHS = NO;
				CLANG_CXX_LANGUAGE_STANDARD = "gnu++0x";
				CLANG_CXX_LIBRARY = "libc++";
				CLANG_ENABLE_MODULES = YES;
				CLANG_ENABLE_OBJC_ARC = YES;
				CLANG_WARN_BOOL_CONVERSION = YES;
				CLANG_WARN_CONSTANT_CONVERSION = YES;
				CLANG_WARN_DIRECT_OBJC_ISA_USAGE = YES_ERROR;
				CLANG_WARN_EMPTY_BODY = YES;
				CLANG_WARN_ENUM_CONVERSION = YES;
				CLANG_WARN_INT_CONVERSION = YES;
				CLANG_WARN_OBJC_ROOT_CLASS = YES_ERROR;
				CLANG_WARN_UNREACHABLE_CODE = YES;
				CLANG_WARN__DUPLICATE_METHOD_MATCH = YES;
				"CODE_SIGN_IDENTITY[sdk=iphoneos*]" = "iPhone Developer";
				COPY_PHASE_STRIP = NO;
				DEBUG_INFORMATION_FORMAT = dwarf;
				ENABLE_STRICT_OBJC_MSGSEND = YES;
				ENABLE_TESTABILITY = YES;
				GCC_C_LANGUAGE_STANDARD = gnu99;
				GCC_DYNAMIC_NO_PIC = NO;
				GCC_NO_COMMON_BLOCKS = YES;
				GCC_OPTIMIZATION_LEVEL = 0;
				GCC_PREPROCESSOR_DEFINITIONS = (
					"DEBUG=1",
					"$(inherited)",
				);
				GCC_WARN_64_TO_32_BIT_CONVERSION = YES;
				GCC_WARN_ABOUT_RETURN_TYPE = YES_ERROR;
				GCC_WARN_UNDECLARED_SELECTOR = YES;
				GCC_WARN_UNINITIALIZED_AUTOS = YES_AGGRESSIVE;
				GCC_WARN_UNUSED_FUNCTION = YES;
				GCC_WARN_UNUSED_VARIABLE = YES;
				IPHONEOS_DEPLOYMENT_TARGET = 9.0;
				MTL_ENABLE_DEBUG_INFO = YES;
				ONLY_ACTIVE_ARCH = YES;
				SDKROOT = iphoneos;
				SWIFT_OPTIMIZATION_LEVEL = "-Onone";
			};
			name = Debug;
		};
		3F6C31311B9CBAAF00892436 /* Release */ = {
			isa = XCBuildConfiguration;
			buildSettings = {
				ALWAYS_SEARCH_USER_PATHS = NO;
				CLANG_CXX_LANGUAGE_STANDARD = "gnu++0x";
				CLANG_CXX_LIBRARY = "libc++";
				CLANG_ENABLE_MODULES = YES;
				CLANG_ENABLE_OBJC_ARC = YES;
				CLANG_WARN_BOOL_CONVERSION = YES;
				CLANG_WARN_CONSTANT_CONVERSION = YES;
				CLANG_WARN_DIRECT_OBJC_ISA_USAGE = YES_ERROR;
				CLANG_WARN_EMPTY_BODY = YES;
				CLANG_WARN_ENUM_CONVERSION = YES;
				CLANG_WARN_INT_CONVERSION = YES;
				CLANG_WARN_OBJC_ROOT_CLASS = YES_ERROR;
				CLANG_WARN_UNREACHABLE_CODE = YES;
				CLANG_WARN__DUPLICATE_METHOD_MATCH = YES;
				"CODE_SIGN_IDENTITY[sdk=iphoneos*]" = "iPhone Developer";
				COPY_PHASE_STRIP = NO;
				DEBUG_INFORMATION_FORMAT = "dwarf-with-dsym";
				ENABLE_NS_ASSERTIONS = NO;
				ENABLE_STRICT_OBJC_MSGSEND = YES;
				GCC_C_LANGUAGE_STANDARD = gnu99;
				GCC_NO_COMMON_BLOCKS = YES;
				GCC_WARN_64_TO_32_BIT_CONVERSION = YES;
				GCC_WARN_ABOUT_RETURN_TYPE = YES_ERROR;
				GCC_WARN_UNDECLARED_SELECTOR = YES;
				GCC_WARN_UNINITIALIZED_AUTOS = YES_AGGRESSIVE;
				GCC_WARN_UNUSED_FUNCTION = YES;
				GCC_WARN_UNUSED_VARIABLE = YES;
				IPHONEOS_DEPLOYMENT_TARGET = 9.0;
				MTL_ENABLE_DEBUG_INFO = NO;
				SDKROOT = iphoneos;
				VALIDATE_PRODUCT = YES;
			};
			name = Release;
		};
		3F6C31331B9CBAAF00892436 /* Debug */ = {
			isa = XCBuildConfiguration;
			buildSettings = {
				ASSETCATALOG_COMPILER_APPICON_NAME = AppIcon;
				INFOPLIST_FILE = RedBlue/Info.plist;
				LD_RUNPATH_SEARCH_PATHS = "$(inherited) @executable_path/Frameworks";
				PRODUCT_BUNDLE_IDENTIFIER = com.riddleteller.RedBlue;
				PRODUCT_NAME = "$(TARGET_NAME)";
			};
			name = Debug;
		};
		3F6C31341B9CBAAF00892436 /* Release */ = {
			isa = XCBuildConfiguration;
			buildSettings = {
				ASSETCATALOG_COMPILER_APPICON_NAME = AppIcon;
				INFOPLIST_FILE = RedBlue/Info.plist;
				LD_RUNPATH_SEARCH_PATHS = "$(inherited) @executable_path/Frameworks";
				PRODUCT_BUNDLE_IDENTIFIER = com.riddleteller.RedBlue;
				PRODUCT_NAME = "$(TARGET_NAME)";
			};
			name = Release;
		};
		3F6C31361B9CBAAF00892436 /* Debug */ = {
			isa = XCBuildConfiguration;
			buildSettings = {
				BUNDLE_LOADER = "$(TEST_HOST)";
				INFOPLIST_FILE = RedBlueTests/Info.plist;
				LD_RUNPATH_SEARCH_PATHS = "$(inherited) @executable_path/Frameworks @loader_path/Frameworks";
				PRODUCT_BUNDLE_IDENTIFIER = com.riddleteller.RedBlueTests;
				PRODUCT_NAME = "$(TARGET_NAME)";
				TEST_HOST = "$(BUILT_PRODUCTS_DIR)/RedBlue.app/RedBlue";
			};
			name = Debug;
		};
		3F6C31371B9CBAAF00892436 /* Release */ = {
			isa = XCBuildConfiguration;
			buildSettings = {
				BUNDLE_LOADER = "$(TEST_HOST)";
				INFOPLIST_FILE = RedBlueTests/Info.plist;
				LD_RUNPATH_SEARCH_PATHS = "$(inherited) @executable_path/Frameworks @loader_path/Frameworks";
				PRODUCT_BUNDLE_IDENTIFIER = com.riddleteller.RedBlueTests;
				PRODUCT_NAME = "$(TARGET_NAME)";
				TEST_HOST = "$(BUILT_PRODUCTS_DIR)/RedBlue.app/RedBlue";
			};
			name = Release;
		};
		3F6C31391B9CBAAF00892436 /* Debug */ = {
			isa = XCBuildConfiguration;
			buildSettings = {
				INFOPLIST_FILE = RedBlueUITests/Info.plist;
				LD_RUNPATH_SEARCH_PATHS = "$(inherited) @executable_path/Frameworks @loader_path/Frameworks";
				PRODUCT_BUNDLE_IDENTIFIER = com.riddleteller.RedBlueUITests;
				PRODUCT_NAME = "$(TARGET_NAME)";
				TEST_TARGET_NAME = RedBlue;
				USES_XCTRUNNER = YES;
			};
			name = Debug;
		};
		3F6C313A1B9CBAAF00892436 /* Release */ = {
			isa = XCBuildConfiguration;
			buildSettings = {
				INFOPLIST_FILE = RedBlueUITests/Info.plist;
				LD_RUNPATH_SEARCH_PATHS = "$(inherited) @executable_path/Frameworks @loader_path/Frameworks";
				PRODUCT_BUNDLE_IDENTIFIER = com.riddleteller.RedBlueUITests;
				PRODUCT_NAME = "$(TARGET_NAME)";
				TEST_TARGET_NAME = RedBlue;
				USES_XCTRUNNER = YES;
			};
			name = Release;
		};
/* End XCBuildConfiguration section */

/* Begin XCConfigurationList section */
		3F6C31051B9CBAAE00892436 /* Build configuration list for PBXProject "RedBlue" */ = {
			isa = XCConfigurationList;
			buildConfigurations = (
				3F6C31301B9CBAAF00892436 /* Debug */,
				3F6C31311B9CBAAF00892436 /* Release */,
			);
			defaultConfigurationIsVisible = 0;
			defaultConfigurationName = Release;
		};
		3F6C31321B9CBAAF00892436 /* Build configuration list for PBXNativeTarget "RedBlue" */ = {
			isa = XCConfigurationList;
			buildConfigurations = (
				3F6C31331B9CBAAF00892436 /* Debug */,
				3F6C31341B9CBAAF00892436 /* Release */,
			);
			defaultConfigurationIsVisible = 0;
		};
		3F6C31351B9CBAAF00892436 /* Build configuration list for PBXNativeTarget "RedBlueTests" */ = {
			isa = XCConfigurationList;
			buildConfigurations = (
				3F6C31361B9CBAAF00892436 /* Debug */,
				3F6C31371B9CBAAF00892436 /* Release */,
			);
			defaultConfigurationIsVisible = 0;
		};
		3F6C31381B9CBAAF00892436 /* Build configuration list for PBXNativeTarget "RedBlueUITests" */ = {
			isa = XCConfigurationList;
			buildConfigurations = (
				3F6C31391B9CBAAF00892436 /* Debug */,
				3F6C313A1B9CBAAF00892436 /* Release */,
			);
			defaultConfigurationIsVisible = 0;
		};
/* End XCConfigurationList section */
	};
	rootObject = 3F6C31021B9CBAAE00892436 /* Project object */;
}
